PODS:
  - KMKit (0.0.2):
    - KMKit/All (= 0.0.2)
  - KMKit/All (0.0.2):
    - KMKit/Foundation
    - KMKit/UIKit
  - KMKit/Foundation (0.0.2)
  - KMKit/UIKit (0.0.2)

DEPENDENCIES:
  - KMKit (from `..`)

EXTERNAL SOURCES:
  KMKit:
    :path: ..

SPEC CHECKSUMS:
  KMKit: 8cb6f3eda4f600af57d259a4690600542c1e9cc5

COCOAPODS: 0.35.0
